
Microsoft Visual Studio Solution File, Format Version 12.00
Project("{FAE04EC0-301F-11D3-BF4B-00C04F79EFBC}") = "CRUD", "CRUD\CRUD.csproj", "{6B5DB05A-31D6-4239-B6E9-3244A661A8CB}"
EndProject
Project("{FAE04EC0-301F-11D3-BF4B-00C04F79EFBC}") = "CRUD.Tests", "CRUD.Tests\CRUD.Tests.csproj", "{4E13CAF9-A844-439F-8E98-F270E627CFD3}"
EndProject
Global
	GlobalSection(SolutionConfigurationPlatforms) = preSolution
		Debug|Any CPU = Debug|Any CPU
		Release|Any CPU = Release|Any CPU
	EndGlobalSection
	GlobalSection(ProjectConfigurationPlatforms) = postSolution
		{6B5DB05A-31D6-4239-B6E9-3244A661A8CB}.Debug|Any CPU.ActiveCfg = Debug|Any CPU
		{6B5DB05A-31D6-4239-B6E9-3244A661A8CB}.Debug|Any CPU.Build.0 = Debug|Any CPU
		{6B5DB05A-31D6-4239-B6E9-3244A661A8CB}.Release|Any CPU.ActiveCfg = Release|Any CPU
		{6B5DB05A-31D6-4239-B6E9-3244A661A8CB}.Release|Any CPU.Build.0 = Release|Any CPU
		{4E13CAF9-A844-439F-8E98-F270E627CFD3}.Debug|Any CPU.ActiveCfg = Debug|Any CPU
		{4E13CAF9-A844-439F-8E98-F270E627CFD3}.Debug|Any CPU.Build.0 = Debug|Any CPU
		{4E13CAF9-A844-439F-8E98-F270E627CFD3}.Release|Any CPU.ActiveCfg = Release|Any CPU
		{4E13CAF9-A844-439F-8E98-F270E627CFD3}.Release|Any CPU.Build.0 = Release|Any CPU
	EndGlobalSection
EndGlobal
